
Microsoft Visual Studio Solution File, Format Version 12.00
# Visual Studio Version 16
VisualStudioVersion = 16.0.31702.278
MinimumVisualStudioVersion = 10.0.40219.1
Project("{F184B08F-C81C-45F6-A57F-5ABD9991F28F}") = "LightBrite4", "LightBrite4\LightBrite4.vbproj", "{DB259547-FC07-40F3-A3D8-8E71605D2C00}"
EndProject
Global
	GlobalSection(SolutionConfigurationPlatforms) = preSolution
		Debug|Any CPU = Debug|Any CPU
		Release|Any CPU = Release|Any CPU
	EndGlobalSection
	GlobalSection(ProjectConfigurationPlatforms) = postSolution
		{DB259547-FC07-40F3-A3D8-8E71605D2C00}.Debug|Any CPU.ActiveCfg = Debug|Any CPU
		{DB259547-FC07-40F3-A3D8-8E71605D2C00}.Debug|Any CPU.Build.0 = Debug|Any CPU
		{DB259547-FC07-40F3-A3D8-8E71605D2C00}.Release|Any CPU.ActiveCfg = Release|Any CPU
		{DB259547-FC07-40F3-A3D8-8E71605D2C00}.Release|Any CPU.Build.0 = Release|Any CPU
	EndGlobalSection
	GlobalSection(SolutionProperties) = preSolution
		HideSolutionNode = FALSE
	EndGlobalSection
	GlobalSection(ExtensibilityGlobals) = postSolution
		SolutionGuid = {8EC6B2F7-2C3C-4F56-B749-4141EB34F9FA}
	EndGlobalSection
EndGlobal
